
Microsoft Visual Studio Solution File, Format Version 12.00
# Visual Studio Version 17
VisualStudioVersion = 17.11.35219.272
MinimumVisualStudioVersion = 10.0.40219.1
Project("{FAE04EC0-301F-11D3-BF4B-00C04F79EFBC}") = "uppgift4", "uppgift4\uppgift4.csproj", "{F65C9102-6FF0-488C-9B53-CE5254CF05C9}"
EndProject
Global
	GlobalSection(SolutionConfigurationPlatforms) = preSolution
		Debug|Any CPU = Debug|Any CPU
		Release|Any CPU = Release|Any CPU
	EndGlobalSection
	GlobalSection(ProjectConfigurationPlatforms) = postSolution
		{F65C9102-6FF0-488C-9B53-CE5254CF05C9}.Debug|Any CPU.ActiveCfg = Debug|Any CPU
		{F65C9102-6FF0-488C-9B53-CE5254CF05C9}.Debug|Any CPU.Build.0 = Debug|Any CPU
		{F65C9102-6FF0-488C-9B53-CE5254CF05C9}.Release|Any CPU.ActiveCfg = Release|Any CPU
		{F65C9102-6FF0-488C-9B53-CE5254CF05C9}.Release|Any CPU.Build.0 = Release|Any CPU
	EndGlobalSection
	GlobalSection(SolutionProperties) = preSolution
		HideSolutionNode = FALSE
	EndGlobalSection
	GlobalSection(ExtensibilityGlobals) = postSolution
		SolutionGuid = {3B029F78-E017-4A07-B3C0-58654149E187}
	EndGlobalSection
EndGlobal
